
Microsoft Visual Studio Solution File, Format Version 12.00
# Visual Studio Version 16
VisualStudioVersion = 16.0.30611.23
MinimumVisualStudioVersion = 10.0.40219.1
Project("{E24C65DC-7377-472B-9ABA-BC803B73C61A}") = "my-app", "StaticAngularWebApp\my-app\", "{4391A0D0-F160-4504-90C4-CC73EC2C4B3B}"
	ProjectSection(WebsiteProperties) = preProject
		TargetFrameworkMoniker = ".NETFramework,Version%3Dv4.0"
		Debug.AspNetCompiler.VirtualPath = "/localhost_51483"
		Debug.AspNetCompiler.PhysicalPath = "StaticAngularWebApp\my-app\"
		Debug.AspNetCompiler.TargetPath = "PrecompiledWeb\localhost_51483\"
		Debug.AspNetCompiler.Updateable = "true"
		Debug.AspNetCompiler.ForceOverwrite = "true"
		Debug.AspNetCompiler.FixedNames = "false"
		Debug.AspNetCompiler.Debug = "True"
		Release.AspNetCompiler.VirtualPath = "/localhost_51483"
		Release.AspNetCompiler.PhysicalPath = "StaticAngularWebApp\my-app\"
		Release.AspNetCompiler.TargetPath = "PrecompiledWeb\localhost_51483\"
		Release.AspNetCompiler.Updateable = "true"
		Release.AspNetCompiler.ForceOverwrite = "true"
		Release.AspNetCompiler.FixedNames = "false"
		Release.AspNetCompiler.Debug = "False"
		VWDPort = "51483"
		SlnRelativePath = "StaticAngularWebApp\my-app\"
	EndProjectSection
EndProject
Project("{9A19103F-16F7-4668-BE54-9A1E7A4F7556}") = "SampleClassLIbrary", "ClassLibrary\SampleClassLIbrary.csproj", "{DD9FD179-ADC6-4E99-9370-D3C619C2C26B}"
EndProject
Project("{9A19103F-16F7-4668-BE54-9A1E7A4F7556}") = "sampleApiFunction", "SampleApiFunction\sampleApiFunction.csproj", "{AAB05051-2468-4616-803F-F961FF84E6A0}"
EndProject
Global
	GlobalSection(SolutionConfigurationPlatforms) = preSolution
		Debug|Any CPU = Debug|Any CPU
		Release|Any CPU = Release|Any CPU
	EndGlobalSection
	GlobalSection(ProjectConfigurationPlatforms) = postSolution
		{4391A0D0-F160-4504-90C4-CC73EC2C4B3B}.Debug|Any CPU.ActiveCfg = Debug|Any CPU
		{4391A0D0-F160-4504-90C4-CC73EC2C4B3B}.Debug|Any CPU.Build.0 = Debug|Any CPU
		{4391A0D0-F160-4504-90C4-CC73EC2C4B3B}.Release|Any CPU.ActiveCfg = Debug|Any CPU
		{4391A0D0-F160-4504-90C4-CC73EC2C4B3B}.Release|Any CPU.Build.0 = Debug|Any CPU
		{DD9FD179-ADC6-4E99-9370-D3C619C2C26B}.Debug|Any CPU.ActiveCfg = Debug|Any CPU
		{DD9FD179-ADC6-4E99-9370-D3C619C2C26B}.Debug|Any CPU.Build.0 = Debug|Any CPU
		{DD9FD179-ADC6-4E99-9370-D3C619C2C26B}.Release|Any CPU.ActiveCfg = Release|Any CPU
		{DD9FD179-ADC6-4E99-9370-D3C619C2C26B}.Release|Any CPU.Build.0 = Release|Any CPU
		{AAB05051-2468-4616-803F-F961FF84E6A0}.Debug|Any CPU.ActiveCfg = Debug|Any CPU
		{AAB05051-2468-4616-803F-F961FF84E6A0}.Debug|Any CPU.Build.0 = Debug|Any CPU
		{AAB05051-2468-4616-803F-F961FF84E6A0}.Release|Any CPU.ActiveCfg = Release|Any CPU
		{AAB05051-2468-4616-803F-F961FF84E6A0}.Release|Any CPU.Build.0 = Release|Any CPU
	EndGlobalSection
	GlobalSection(SolutionProperties) = preSolution
		HideSolutionNode = FALSE
	EndGlobalSection
	GlobalSection(ExtensibilityGlobals) = postSolution
		SolutionGuid = {EBF72779-8342-42D0-9709-A46A6B98175D}
	EndGlobalSection
EndGlobal
